{
  "name": "phbjx",
  "version": "1.0.0",
  "lockfileVersion": 2,
  "requires": true,
  "packages": {
    "": {
      "name": "phbjx",
      "version": "1.0.0",
      "license": "ISC",
      "dependencies": {
        "@vant/weapp": "^1.3.3",
        "umtrack-wx": "^2.2.0"
      },
      "devDependencies": {}
    },
    "node_modules/@vant/weapp": {
      "version": "1.3.3",
      "resolved": "https://registry.npm.taobao.org/@vant/weapp/download/@vant/weapp-1.3.3.tgz",
      "integrity": "sha1-5phQQY+Z0r//dotMjIcSJx7te3U=",
      "license": "MIT"
    },
    "node_modules/umtrack-wx": {
      "version": "2.3.5",
      "resolved": "https://registry.npm.taobao.org/umtrack-wx/download/umtrack-wx-2.3.5.tgz",
      "integrity": "sha1-M452BUmKe3teC9RRe4Pu1G9DX+I=",
      "license": "ISC"
    }
  },
  "dependencies": {
    "@vant/weapp": {
      "version": "1.3.3",
      "resolved": "https://registry.npm.taobao.org/@vant/weapp/download/@vant/weapp-1.3.3.tgz",
      "integrity": "sha1-5phQQY+Z0r//dotMjIcSJx7te3U="
    },
    "umtrack-wx": {
      "version": "2.3.5",
      "resolved": "https://registry.npm.taobao.org/umtrack-wx/download/umtrack-wx-2.3.5.tgz",
      "integrity": "sha1-M452BUmKe3teC9RRe4Pu1G9DX+I="
    }
  }
}
